PODS:
  - Framer (0.1.0)
  - Kiwi (2.4.0)

DEPENDENCIES:
  - Framer (from `../`)
  - Kiwi

EXTERNAL SOURCES:
  Framer:
    :path: ../

SPEC CHECKSUMS:
  Framer: 40ace6db31f9f063502613181440cd7bc1a38e7a
  Kiwi: f49c9d54b28917df5928fe44968a39ed198cb8a8

PODFILE CHECKSUM: 2ffd542d4d675ad907375d57aa035f8c760b029d

COCOAPODS: 1.0.0
