PODS:
  - Framer (1.4.1)
  - Kiwi (2.4.0)

DEPENDENCIES:
  - Framer (from `../`)
  - Kiwi

EXTERNAL SOURCES:
  Framer:
    :path: "../"

SPEC CHECKSUMS:
  Framer: aecbdb9a549b7a7a46994537797a2043e227a701
  Kiwi: f49c9d54b28917df5928fe44968a39ed198cb8a8

PODFILE CHECKSUM: 2ffd542d4d675ad907375d57aa035f8c760b029d

COCOAPODS: 1.0.1
